
Microsoft Visual Studio Solution File, Format Version 12.00
# Visual Studio Version 17
VisualStudioVersion = 17.6.33829.357
MinimumVisualStudioVersion = 10.0.40219.1
Project("{FAE04EC0-301F-11D3-BF4B-00C04F79EFBC}") = "Task11.2", "Task11.2\Task11.2.csproj", "{5B21C8FB-FB08-4C0F-A49F-6F7ED940D0AF}"
EndProject
Global
	GlobalSection(SolutionConfigurationPlatforms) = preSolution
		Debug|Any CPU = Debug|Any CPU
		Release|Any CPU = Release|Any CPU
	EndGlobalSection
	GlobalSection(ProjectConfigurationPlatforms) = postSolution
		{5B21C8FB-FB08-4C0F-A49F-6F7ED940D0AF}.Debug|Any CPU.ActiveCfg = Debug|Any CPU
		{5B21C8FB-FB08-4C0F-A49F-6F7ED940D0AF}.Debug|Any CPU.Build.0 = Debug|Any CPU
		{5B21C8FB-FB08-4C0F-A49F-6F7ED940D0AF}.Release|Any CPU.ActiveCfg = Release|Any CPU
		{5B21C8FB-FB08-4C0F-A49F-6F7ED940D0AF}.Release|Any CPU.Build.0 = Release|Any CPU
	EndGlobalSection
	GlobalSection(SolutionProperties) = preSolution
		HideSolutionNode = FALSE
	EndGlobalSection
	GlobalSection(ExtensibilityGlobals) = postSolution
		SolutionGuid = {22258C2D-7579-46DE-A28A-D2295050E6BE}
	EndGlobalSection
EndGlobal
