
Microsoft Visual Studio Solution File, Format Version 12.00
# Visual Studio Version 17
VisualStudioVersion = 17.6.33829.357
MinimumVisualStudioVersion = 10.0.40219.1
Project("{FAE04EC0-301F-11D3-BF4B-00C04F79EFBC}") = "Task12a", "Task12a\Task12a.csproj", "{6BD64713-5399-47C8-AEA2-7B86546108DF}"
EndProject
Global
	GlobalSection(SolutionConfigurationPlatforms) = preSolution
		Debug|Any CPU = Debug|Any CPU
		Release|Any CPU = Release|Any CPU
	EndGlobalSection
	GlobalSection(ProjectConfigurationPlatforms) = postSolution
		{6BD64713-5399-47C8-AEA2-7B86546108DF}.Debug|Any CPU.ActiveCfg = Debug|Any CPU
		{6BD64713-5399-47C8-AEA2-7B86546108DF}.Debug|Any CPU.Build.0 = Debug|Any CPU
		{6BD64713-5399-47C8-AEA2-7B86546108DF}.Release|Any CPU.ActiveCfg = Release|Any CPU
		{6BD64713-5399-47C8-AEA2-7B86546108DF}.Release|Any CPU.Build.0 = Release|Any CPU
	EndGlobalSection
	GlobalSection(SolutionProperties) = preSolution
		HideSolutionNode = FALSE
	EndGlobalSection
	GlobalSection(ExtensibilityGlobals) = postSolution
		SolutionGuid = {CFF2E31F-8B2A-4ABD-86E5-2B6007D15066}
	EndGlobalSection
EndGlobal
