
Microsoft Visual Studio Solution File, Format Version 12.00
# Visual Studio Version 17
VisualStudioVersion = 17.6.33829.357
MinimumVisualStudioVersion = 10.0.40219.1
Project("{FAE04EC0-301F-11D3-BF4B-00C04F79EFBC}") = "ConsoleApp4", "ConsoleApp4\ConsoleApp4.csproj", "{F0C53BAB-5AC1-4467-AF9E-A574E1CD35EB}"
EndProject
Global
	GlobalSection(SolutionConfigurationPlatforms) = preSolution
		Debug|Any CPU = Debug|Any CPU
		Release|Any CPU = Release|Any CPU
	EndGlobalSection
	GlobalSection(ProjectConfigurationPlatforms) = postSolution
		{F0C53BAB-5AC1-4467-AF9E-A574E1CD35EB}.Debug|Any CPU.ActiveCfg = Debug|Any CPU
		{F0C53BAB-5AC1-4467-AF9E-A574E1CD35EB}.Debug|Any CPU.Build.0 = Debug|Any CPU
		{F0C53BAB-5AC1-4467-AF9E-A574E1CD35EB}.Release|Any CPU.ActiveCfg = Release|Any CPU
		{F0C53BAB-5AC1-4467-AF9E-A574E1CD35EB}.Release|Any CPU.Build.0 = Release|Any CPU
	EndGlobalSection
	GlobalSection(SolutionProperties) = preSolution
		HideSolutionNode = FALSE
	EndGlobalSection
	GlobalSection(ExtensibilityGlobals) = postSolution
		SolutionGuid = {C8D23C90-6A34-4EA0-AE4F-193715294133}
	EndGlobalSection
EndGlobal
